
Microsoft Visual Studio Solution File, Format Version 12.00
# Visual Studio Version 16
VisualStudioVersion = 16.0.30611.23
MinimumVisualStudioVersion = 10.0.40219.1
Project("{FAE04EC0-301F-11D3-BF4B-00C04F79EFBC}") = "StorageAppWeb", "StorageAppWeb\StorageAppWeb.csproj", "{D72FD909-BA5F-4972-87DA-4060E8FD30D6}"
EndProject
Project("{FAE04EC0-301F-11D3-BF4B-00C04F79EFBC}") = "StorageAppDesktop", "StorageAppDesktop\StorageAppDesktop.csproj", "{99D7D6ED-EBCC-460F-BAA6-3C1575F08D5A}"
EndProject
Global
	GlobalSection(SolutionConfigurationPlatforms) = preSolution
		Debug|Any CPU = Debug|Any CPU
		Release|Any CPU = Release|Any CPU
	EndGlobalSection
	GlobalSection(ProjectConfigurationPlatforms) = postSolution
		{D72FD909-BA5F-4972-87DA-4060E8FD30D6}.Debug|Any CPU.ActiveCfg = Debug|Any CPU
		{D72FD909-BA5F-4972-87DA-4060E8FD30D6}.Debug|Any CPU.Build.0 = Debug|Any CPU
		{D72FD909-BA5F-4972-87DA-4060E8FD30D6}.Release|Any CPU.ActiveCfg = Release|Any CPU
		{D72FD909-BA5F-4972-87DA-4060E8FD30D6}.Release|Any CPU.Build.0 = Release|Any CPU
		{99D7D6ED-EBCC-460F-BAA6-3C1575F08D5A}.Debug|Any CPU.ActiveCfg = Debug|Any CPU
		{99D7D6ED-EBCC-460F-BAA6-3C1575F08D5A}.Debug|Any CPU.Build.0 = Debug|Any CPU
		{99D7D6ED-EBCC-460F-BAA6-3C1575F08D5A}.Release|Any CPU.ActiveCfg = Release|Any CPU
		{99D7D6ED-EBCC-460F-BAA6-3C1575F08D5A}.Release|Any CPU.Build.0 = Release|Any CPU
	EndGlobalSection
	GlobalSection(SolutionProperties) = preSolution
		HideSolutionNode = FALSE
	EndGlobalSection
	GlobalSection(ExtensibilityGlobals) = postSolution
		SolutionGuid = {858CC96C-499F-4A24-AA8E-A0E4F7586284}
	EndGlobalSection
EndGlobal
